
Microsoft Visual Studio Solution File, Format Version 12.00
# Visual Studio Version 17
VisualStudioVersion = 17.10.35013.160
MinimumVisualStudioVersion = 10.0.40219.1
Project("{FAE04EC0-301F-11D3-BF4B-00C04F79EFBC}") = "ServiceManager", "ProjetoFinal\ServiceManager.csproj", "{54F27331-CE98-4AED-AF0F-D8BF57D83259}"
EndProject
Global
	GlobalSection(SolutionConfigurationPlatforms) = preSolution
		Debug|Any CPU = Debug|Any CPU
		Release|Any CPU = Release|Any CPU
	EndGlobalSection
	GlobalSection(ProjectConfigurationPlatforms) = postSolution
		{54F27331-CE98-4AED-AF0F-D8BF57D83259}.Debug|Any CPU.ActiveCfg = Debug|Any CPU
		{54F27331-CE98-4AED-AF0F-D8BF57D83259}.Debug|Any CPU.Build.0 = Debug|Any CPU
		{54F27331-CE98-4AED-AF0F-D8BF57D83259}.Release|Any CPU.ActiveCfg = Release|Any CPU
		{54F27331-CE98-4AED-AF0F-D8BF57D83259}.Release|Any CPU.Build.0 = Release|Any CPU
	EndGlobalSection
	GlobalSection(SolutionProperties) = preSolution
		HideSolutionNode = FALSE
	EndGlobalSection
	GlobalSection(ExtensibilityGlobals) = postSolution
		SolutionGuid = {23B0C2DC-282A-4CAF-85DD-83EA8D975616}
	EndGlobalSection
EndGlobal
